
Microsoft Visual Studio Solution File, Format Version 12.00
# Visual Studio Version 17
VisualStudioVersion = 17.0.31903.59
MinimumVisualStudioVersion = 10.0.40219.1
Project("{FAE04EC0-301F-11D3-BF4B-00C04F79EFBC}") = "Stasis.Compiler", "Stasis.Compiler\Stasis.Compiler.csproj", "{13BF5264-A1B9-4301-97A2-CF57881F9167}"
EndProject
Project("{FAE04EC0-301F-11D3-BF4B-00C04F79EFBC}") = "Stasis.Compiler.Tests", "Stasis.Compiler.Tests\Stasis.Compiler.Tests.csproj", "{EF3AAEB6-0548-4310-A32C-07BB1A9E4628}"
EndProject
Project("{FAE04EC0-301F-11D3-BF4B-00C04F79EFBC}") = "Stasis.Cli", "Stasis.Cli\Stasis.Cli.csproj", "{AE7EF5F5-94E1-4387-9D0A-0FD0383F8DC8}"
EndProject
Project("{FAE04EC0-301F-11D3-BF4B-00C04F79EFBC}") = "Stasis.LanguageServer", "Stasis.LanguageServer\Stasis.LanguageServer.csproj", "{316BD985-0B56-4A63-B414-E14CF98F5787}"
EndProject
Project("{FAE04EC0-301F-11D3-BF4B-00C04F79EFBC}") = "Stasis.LanguageServer.Tests", "Stasis.LanguageServer.Tests\Stasis.LanguageServer.Tests.csproj", "{673D2E27-D124-455D-9BC8-A47969E8CCF1}"
EndProject
Project("{FAE04EC0-301F-11D3-BF4B-00C04F79EFBC}") = "Stasis.SvgValidator", "Stasis.SvgValidator\Stasis.SvgValidator.csproj", "{DDBE441F-E2FC-4632-BE7B-250DFEFDCA4A}"
EndProject
Global
	GlobalSection(SolutionConfigurationPlatforms) = preSolution
		Debug|Any CPU = Debug|Any CPU
		Debug|x64 = Debug|x64
		Debug|x86 = Debug|x86
		Release|Any CPU = Release|Any CPU
		Release|x64 = Release|x64
		Release|x86 = Release|x86
	EndGlobalSection
	GlobalSection(ProjectConfigurationPlatforms) = postSolution
		{13BF5264-A1B9-4301-97A2-CF57881F9167}.Debug|Any CPU.ActiveCfg = Debug|Any CPU
		{13BF5264-A1B9-4301-97A2-CF57881F9167}.Debug|Any CPU.Build.0 = Debug|Any CPU
		{13BF5264-A1B9-4301-97A2-CF57881F9167}.Debug|x64.ActiveCfg = Debug|Any CPU
		{13BF5264-A1B9-4301-97A2-CF57881F9167}.Debug|x64.Build.0 = Debug|Any CPU
		{13BF5264-A1B9-4301-97A2-CF57881F9167}.Debug|x86.ActiveCfg = Debug|Any CPU
		{13BF5264-A1B9-4301-97A2-CF57881F9167}.Debug|x86.Build.0 = Debug|Any CPU
		{13BF5264-A1B9-4301-97A2-CF57881F9167}.Release|Any CPU.ActiveCfg = Release|Any CPU
		{13BF5264-A1B9-4301-97A2-CF57881F9167}.Release|Any CPU.Build.0 = Release|Any CPU
		{13BF5264-A1B9-4301-97A2-CF57881F9167}.Release|x64.ActiveCfg = Release|Any CPU
		{13BF5264-A1B9-4301-97A2-CF57881F9167}.Release|x64.Build.0 = Release|Any CPU
		{13BF5264-A1B9-4301-97A2-CF57881F9167}.Release|x86.ActiveCfg = Release|Any CPU
		{13BF5264-A1B9-4301-97A2-CF57881F9167}.Release|x86.Build.0 = Release|Any CPU
		{EF3AAEB6-0548-4310-A32C-07BB1A9E4628}.Debug|Any CPU.ActiveCfg = Debug|Any CPU
		{EF3AAEB6-0548-4310-A32C-07BB1A9E4628}.Debug|Any CPU.Build.0 = Debug|Any CPU
		{EF3AAEB6-0548-4310-A32C-07BB1A9E4628}.Debug|x64.ActiveCfg = Debug|Any CPU
		{EF3AAEB6-0548-4310-A32C-07BB1A9E4628}.Debug|x64.Build.0 = Debug|Any CPU
		{EF3AAEB6-0548-4310-A32C-07BB1A9E4628}.Debug|x86.ActiveCfg = Debug|Any CPU
		{EF3AAEB6-0548-4310-A32C-07BB1A9E4628}.Debug|x86.Build.0 = Debug|Any CPU
		{EF3AAEB6-0548-4310-A32C-07BB1A9E4628}.Release|Any CPU.ActiveCfg = Release|Any CPU
		{EF3AAEB6-0548-4310-A32C-07BB1A9E4628}.Release|Any CPU.Build.0 = Release|Any CPU
		{EF3AAEB6-0548-4310-A32C-07BB1A9E4628}.Release|x64.ActiveCfg = Release|Any CPU
		{EF3AAEB6-0548-4310-A32C-07BB1A9E4628}.Release|x64.Build.0 = Release|Any CPU
		{EF3AAEB6-0548-4310-A32C-07BB1A9E4628}.Release|x86.ActiveCfg = Release|Any CPU
		{EF3AAEB6-0548-4310-A32C-07BB1A9E4628}.Release|x86.Build.0 = Release|Any CPU
		{AE7EF5F5-94E1-4387-9D0A-0FD0383F8DC8}.Debug|Any CPU.ActiveCfg = Debug|Any CPU
		{AE7EF5F5-94E1-4387-9D0A-0FD0383F8DC8}.Debug|Any CPU.Build.0 = Debug|Any CPU
		{AE7EF5F5-94E1-4387-9D0A-0FD0383F8DC8}.Debug|x64.ActiveCfg = Debug|Any CPU
		{AE7EF5F5-94E1-4387-9D0A-0FD0383F8DC8}.Debug|x64.Build.0 = Debug|Any CPU
		{AE7EF5F5-94E1-4387-9D0A-0FD0383F8DC8}.Debug|x86.ActiveCfg = Debug|Any CPU
		{AE7EF5F5-94E1-4387-9D0A-0FD0383F8DC8}.Debug|x86.Build.0 = Debug|Any CPU
		{AE7EF5F5-94E1-4387-9D0A-0FD0383F8DC8}.Release|Any CPU.ActiveCfg = Release|Any CPU
		{AE7EF5F5-94E1-4387-9D0A-0FD0383F8DC8}.Release|Any CPU.Build.0 = Release|Any CPU
		{AE7EF5F5-94E1-4387-9D0A-0FD0383F8DC8}.Release|x64.ActiveCfg = Release|Any CPU
		{AE7EF5F5-94E1-4387-9D0A-0FD0383F8DC8}.Release|x64.Build.0 = Release|Any CPU
		{AE7EF5F5-94E1-4387-9D0A-0FD0383F8DC8}.Release|x86.ActiveCfg = Release|Any CPU
		{AE7EF5F5-94E1-4387-9D0A-0FD0383F8DC8}.Release|x86.Build.0 = Release|Any CPU
		{316BD985-0B56-4A63-B414-E14CF98F5787}.Debug|Any CPU.ActiveCfg = Debug|Any CPU
		{316BD985-0B56-4A63-B414-E14CF98F5787}.Debug|Any CPU.Build.0 = Debug|Any CPU
		{316BD985-0B56-4A63-B414-E14CF98F5787}.Debug|x64.ActiveCfg = Debug|Any CPU
		{316BD985-0B56-4A63-B414-E14CF98F5787}.Debug|x64.Build.0 = Debug|Any CPU
		{316BD985-0B56-4A63-B414-E14CF98F5787}.Debug|x86.ActiveCfg = Debug|Any CPU
		{316BD985-0B56-4A63-B414-E14CF98F5787}.Debug|x86.Build.0 = Debug|Any CPU
		{316BD985-0B56-4A63-B414-E14CF98F5787}.Release|Any CPU.ActiveCfg = Release|Any CPU
		{316BD985-0B56-4A63-B414-E14CF98F5787}.Release|Any CPU.Build.0 = Release|Any CPU
		{316BD985-0B56-4A63-B414-E14CF98F5787}.Release|x64.ActiveCfg = Release|Any CPU
		{316BD985-0B56-4A63-B414-E14CF98F5787}.Release|x64.Build.0 = Release|Any CPU
		{316BD985-0B56-4A63-B414-E14CF98F5787}.Release|x86.ActiveCfg = Release|Any CPU
		{316BD985-0B56-4A63-B414-E14CF98F5787}.Release|x86.Build.0 = Release|Any CPU
		{673D2E27-D124-455D-9BC8-A47969E8CCF1}.Debug|Any CPU.ActiveCfg = Debug|Any CPU
		{673D2E27-D124-455D-9BC8-A47969E8CCF1}.Debug|Any CPU.Build.0 = Debug|Any CPU
		{673D2E27-D124-455D-9BC8-A47969E8CCF1}.Debug|x64.ActiveCfg = Debug|Any CPU
		{673D2E27-D124-455D-9BC8-A47969E8CCF1}.Debug|x64.Build.0 = Debug|Any CPU
		{673D2E27-D124-455D-9BC8-A47969E8CCF1}.Debug|x86.ActiveCfg = Debug|Any CPU
		{673D2E27-D124-455D-9BC8-A47969E8CCF1}.Debug|x86.Build.0 = Debug|Any CPU
		{673D2E27-D124-455D-9BC8-A47969E8CCF1}.Release|Any CPU.ActiveCfg = Release|Any CPU
		{673D2E27-D124-455D-9BC8-A47969E8CCF1}.Release|Any CPU.Build.0 = Release|Any CPU
		{673D2E27-D124-455D-9BC8-A47969E8CCF1}.Release|x64.ActiveCfg = Release|Any CPU
		{673D2E27-D124-455D-9BC8-A47969E8CCF1}.Release|x64.Build.0 = Release|Any CPU
		{673D2E27-D124-455D-9BC8-A47969E8CCF1}.Release|x86.ActiveCfg = Release|Any CPU
		{673D2E27-D124-455D-9BC8-A47969E8CCF1}.Release|x86.Build.0 = Release|Any CPU
		{DDBE441F-E2FC-4632-BE7B-250DFEFDCA4A}.Debug|Any CPU.ActiveCfg = Debug|Any CPU
		{DDBE441F-E2FC-4632-BE7B-250DFEFDCA4A}.Debug|Any CPU.Build.0 = Debug|Any CPU
		{DDBE441F-E2FC-4632-BE7B-250DFEFDCA4A}.Debug|x64.ActiveCfg = Debug|Any CPU
		{DDBE441F-E2FC-4632-BE7B-250DFEFDCA4A}.Debug|x64.Build.0 = Debug|Any CPU
		{DDBE441F-E2FC-4632-BE7B-250DFEFDCA4A}.Debug|x86.ActiveCfg = Debug|Any CPU
		{DDBE441F-E2FC-4632-BE7B-250DFEFDCA4A}.Debug|x86.Build.0 = Debug|Any CPU
		{DDBE441F-E2FC-4632-BE7B-250DFEFDCA4A}.Release|Any CPU.ActiveCfg = Release|Any CPU
		{DDBE441F-E2FC-4632-BE7B-250DFEFDCA4A}.Release|Any CPU.Build.0 = Release|Any CPU
		{DDBE441F-E2FC-4632-BE7B-250DFEFDCA4A}.Release|x64.ActiveCfg = Release|Any CPU
		{DDBE441F-E2FC-4632-BE7B-250DFEFDCA4A}.Release|x64.Build.0 = Release|Any CPU
		{DDBE441F-E2FC-4632-BE7B-250DFEFDCA4A}.Release|x86.ActiveCfg = Release|Any CPU
		{DDBE441F-E2FC-4632-BE7B-250DFEFDCA4A}.Release|x86.Build.0 = Release|Any CPU
	EndGlobalSection
	GlobalSection(SolutionProperties) = preSolution
		HideSolutionNode = FALSE
	EndGlobalSection
EndGlobal
